
Microsoft Visual Studio Solution File, Format Version 12.00
# Visual Studio Version 17
VisualStudioVersion = 17.14.36414.22
MinimumVisualStudioVersion = 10.0.40219.1
Project("{2150E333-8FDC-42A3-9474-1A3956D46DE8}") = "Task0", "Task0", "{02EA681E-C7D8-13C7-8484-4AC65E1B71E8}"
EndProject
Project("{FAE04EC0-301F-11D3-BF4B-00C04F79EFBC}") = "Tyuiu.KolganenkoRV.Sprint6.Task0.V9.Lib", "Tyuiu.KolganenkoRV.Sprint6.Task0.V9.Lib\Tyuiu.KolganenkoRV.Sprint6.Task0.V9.Lib.csproj", "{9A1A892D-1A50-430A-94FA-8388C3C82DE6}"
EndProject
Project("{FAE04EC0-301F-11D3-BF4B-00C04F79EFBC}") = "Tyuiu.KolganenkoRV.Sprint6.Task0.V9.Test", "Tyuiu.KolganenkoRV.Sprint6.Task0.V9.Test\Tyuiu.KolganenkoRV.Sprint6.Task0.V9.Test.csproj", "{F44237E3-2376-4FA4-9F69-AA35846890E6}"
EndProject
Project("{FAE04EC0-301F-11D3-BF4B-00C04F79EFBC}") = "Tyuiu.KolganenkoRV.Sprint6.Task0.V9", "Tyuiu.KolganenkoRV.Sprint6.Task0.V9\Tyuiu.KolganenkoRV.Sprint6.Task0.V9.csproj", "{67F350DF-DBD1-40AF-926F-B8CCC3C39C9F}"
EndProject
Project("{2150E333-8FDC-42A3-9474-1A3956D46DE8}") = "Task1", "Task1", "{88EEDE04-A26E-49C9-8033-26720E98B374}"
EndProject
Project("{FAE04EC0-301F-11D3-BF4B-00C04F79EFBC}") = "Tyuiu.KolganenkoRV.Sprint6.Task1.V13.Test", "Tyuiu.KolganenkoRV.Sprint6.Task1.V13.Test\Tyuiu.KolganenkoRV.Sprint6.Task1.V13.Test.csproj", "{55C347C5-8986-415B-929B-7DDC92F5F885}"
EndProject
Project("{FAE04EC0-301F-11D3-BF4B-00C04F79EFBC}") = "Tyuiu.KolganenkoRV.Sprint6.Task1.V13", "Tyuiu.KolganenkoRV.Sprint6.Task1.V13\Tyuiu.KolganenkoRV.Sprint6.Task1.V13.csproj", "{CFF35D0F-18A0-444F-AFCC-4BB269EA27DA}"
EndProject
Project("{FAE04EC0-301F-11D3-BF4B-00C04F79EFBC}") = "Tyuiu.KolganenkoRV.Sprint6.Task1.V13.Lib", "Tyuiu.KolganenkoRV.Sprint6.Task1.V13.Lib\Tyuiu.KolganenkoRV.Sprint6.Task1.V13.Lib.csproj", "{5775EDBE-87F4-4090-BA81-CFCF91CEF387}"
EndProject
Project("{2150E333-8FDC-42A3-9474-1A3956D46DE8}") = "Task2", "Task2", "{08D363DB-114B-41AD-A54D-B546523FC347}"
EndProject
Project("{FAE04EC0-301F-11D3-BF4B-00C04F79EFBC}") = "Tyuiu.KolganenkoRV.Sprint6.Task2.V5.Lib", "Tyuiu.KolganenkoRV.Sprint6.Task2.V5.Lib\Tyuiu.KolganenkoRV.Sprint6.Task2.V5.Lib.csproj", "{9718AB41-409F-439A-881B-09B5753DF9F8}"
EndProject
Project("{FAE04EC0-301F-11D3-BF4B-00C04F79EFBC}") = "Tyuiu.KolganenkoRV.Sprint6.Task2.V5.Test", "Tyuiu.KolganenkoRV.Sprint6.Task2.V5.Test\Tyuiu.KolganenkoRV.Sprint6.Task2.V5.Test.csproj", "{1443DFB1-2534-43BC-BA78-A711C1D2D54D}"
EndProject
Project("{FAE04EC0-301F-11D3-BF4B-00C04F79EFBC}") = "Tyuiu.KolganenkoRV.Sprint6.Task2.V5", "Tyuiu.KolganenkoRV.Sprint6.Task2.V5\Tyuiu.KolganenkoRV.Sprint6.Task2.V5.csproj", "{1FFB4592-3693-4369-ACC1-9BD6D45B2373}"
EndProject
Project("{2150E333-8FDC-42A3-9474-1A3956D46DE8}") = "Task3", "Task3", "{A4C31464-07EA-4D03-B47C-2B94845AE859}"
EndProject
Project("{FAE04EC0-301F-11D3-BF4B-00C04F79EFBC}") = "Tyuiu.KolganenkoRV.Sprint6.Task3.V23", "Tyuiu.KolganenkoRV.Sprint6.Task3.V23\Tyuiu.KolganenkoRV.Sprint6.Task3.V23.csproj", "{FAEE0611-A0C9-46BC-87E0-D5ECAE757C45}"
EndProject
Project("{FAE04EC0-301F-11D3-BF4B-00C04F79EFBC}") = "Tyuiu.KolganenkoRV.Sprint6.Task3.V23.Lib", "Tyuiu.KolganenkoRV.Sprint6.Task3.V23.Lib\Tyuiu.KolganenkoRV.Sprint6.Task3.V23.Lib.csproj", "{3385E290-5B85-498B-AC78-7745CD1F4C01}"
EndProject
Project("{FAE04EC0-301F-11D3-BF4B-00C04F79EFBC}") = "Tyuiu.KolganenkoRV.Sprint6.Task3.V23.Test", "Tyuiu.KolganenkoRV.Sprint6.Task3.V23.Test\Tyuiu.KolganenkoRV.Sprint6.Task3.V23.Test.csproj", "{AFDA570E-A9FA-452A-80BC-04220205367D}"
EndProject
Global
	GlobalSection(SolutionConfigurationPlatforms) = preSolution
		Debug|Any CPU = Debug|Any CPU
		Release|Any CPU = Release|Any CPU
	EndGlobalSection
	GlobalSection(ProjectConfigurationPlatforms) = postSolution
		{9A1A892D-1A50-430A-94FA-8388C3C82DE6}.Debug|Any CPU.ActiveCfg = Debug|Any CPU
		{9A1A892D-1A50-430A-94FA-8388C3C82DE6}.Debug|Any CPU.Build.0 = Debug|Any CPU
		{9A1A892D-1A50-430A-94FA-8388C3C82DE6}.Release|Any CPU.ActiveCfg = Release|Any CPU
		{9A1A892D-1A50-430A-94FA-8388C3C82DE6}.Release|Any CPU.Build.0 = Release|Any CPU
		{F44237E3-2376-4FA4-9F69-AA35846890E6}.Debug|Any CPU.ActiveCfg = Debug|Any CPU
		{F44237E3-2376-4FA4-9F69-AA35846890E6}.Debug|Any CPU.Build.0 = Debug|Any CPU
		{F44237E3-2376-4FA4-9F69-AA35846890E6}.Release|Any CPU.ActiveCfg = Release|Any CPU
		{F44237E3-2376-4FA4-9F69-AA35846890E6}.Release|Any CPU.Build.0 = Release|Any CPU
		{67F350DF-DBD1-40AF-926F-B8CCC3C39C9F}.Debug|Any CPU.ActiveCfg = Debug|Any CPU
		{67F350DF-DBD1-40AF-926F-B8CCC3C39C9F}.Debug|Any CPU.Build.0 = Debug|Any CPU
		{67F350DF-DBD1-40AF-926F-B8CCC3C39C9F}.Release|Any CPU.ActiveCfg = Release|Any CPU
		{67F350DF-DBD1-40AF-926F-B8CCC3C39C9F}.Release|Any CPU.Build.0 = Release|Any CPU
		{55C347C5-8986-415B-929B-7DDC92F5F885}.Debug|Any CPU.ActiveCfg = Debug|Any CPU
		{55C347C5-8986-415B-929B-7DDC92F5F885}.Debug|Any CPU.Build.0 = Debug|Any CPU
		{55C347C5-8986-415B-929B-7DDC92F5F885}.Release|Any CPU.ActiveCfg = Release|Any CPU
		{55C347C5-8986-415B-929B-7DDC92F5F885}.Release|Any CPU.Build.0 = Release|Any CPU
		{CFF35D0F-18A0-444F-AFCC-4BB269EA27DA}.Debug|Any CPU.ActiveCfg = Debug|Any CPU
		{CFF35D0F-18A0-444F-AFCC-4BB269EA27DA}.Debug|Any CPU.Build.0 = Debug|Any CPU
		{CFF35D0F-18A0-444F-AFCC-4BB269EA27DA}.Release|Any CPU.ActiveCfg = Release|Any CPU
		{CFF35D0F-18A0-444F-AFCC-4BB269EA27DA}.Release|Any CPU.Build.0 = Release|Any CPU
		{5775EDBE-87F4-4090-BA81-CFCF91CEF387}.Debug|Any CPU.ActiveCfg = Debug|Any CPU
		{5775EDBE-87F4-4090-BA81-CFCF91CEF387}.Debug|Any CPU.Build.0 = Debug|Any CPU
		{5775EDBE-87F4-4090-BA81-CFCF91CEF387}.Release|Any CPU.ActiveCfg = Release|Any CPU
		{5775EDBE-87F4-4090-BA81-CFCF91CEF387}.Release|Any CPU.Build.0 = Release|Any CPU
		{9718AB41-409F-439A-881B-09B5753DF9F8}.Debug|Any CPU.ActiveCfg = Debug|Any CPU
		{9718AB41-409F-439A-881B-09B5753DF9F8}.Debug|Any CPU.Build.0 = Debug|Any CPU
		{9718AB41-409F-439A-881B-09B5753DF9F8}.Release|Any CPU.ActiveCfg = Release|Any CPU
		{9718AB41-409F-439A-881B-09B5753DF9F8}.Release|Any CPU.Build.0 = Release|Any CPU
		{1443DFB1-2534-43BC-BA78-A711C1D2D54D}.Debug|Any CPU.ActiveCfg = Debug|Any CPU
		{1443DFB1-2534-43BC-BA78-A711C1D2D54D}.Debug|Any CPU.Build.0 = Debug|Any CPU
		{1443DFB1-2534-43BC-BA78-A711C1D2D54D}.Release|Any CPU.ActiveCfg = Release|Any CPU
		{1443DFB1-2534-43BC-BA78-A711C1D2D54D}.Release|Any CPU.Build.0 = Release|Any CPU
		{1FFB4592-3693-4369-ACC1-9BD6D45B2373}.Debug|Any CPU.ActiveCfg = Debug|Any CPU
		{1FFB4592-3693-4369-ACC1-9BD6D45B2373}.Debug|Any CPU.Build.0 = Debug|Any CPU
		{1FFB4592-3693-4369-ACC1-9BD6D45B2373}.Release|Any CPU.ActiveCfg = Release|Any CPU
		{1FFB4592-3693-4369-ACC1-9BD6D45B2373}.Release|Any CPU.Build.0 = Release|Any CPU
		{FAEE0611-A0C9-46BC-87E0-D5ECAE757C45}.Debug|Any CPU.ActiveCfg = Debug|Any CPU
		{FAEE0611-A0C9-46BC-87E0-D5ECAE757C45}.Debug|Any CPU.Build.0 = Debug|Any CPU
		{FAEE0611-A0C9-46BC-87E0-D5ECAE757C45}.Release|Any CPU.ActiveCfg = Release|Any CPU
		{FAEE0611-A0C9-46BC-87E0-D5ECAE757C45}.Release|Any CPU.Build.0 = Release|Any CPU
		{3385E290-5B85-498B-AC78-7745CD1F4C01}.Debug|Any CPU.ActiveCfg = Debug|Any CPU
		{3385E290-5B85-498B-AC78-7745CD1F4C01}.Debug|Any CPU.Build.0 = Debug|Any CPU
		{3385E290-5B85-498B-AC78-7745CD1F4C01}.Release|Any CPU.ActiveCfg = Release|Any CPU
		{3385E290-5B85-498B-AC78-7745CD1F4C01}.Release|Any CPU.Build.0 = Release|Any CPU
		{AFDA570E-A9FA-452A-80BC-04220205367D}.Debug|Any CPU.ActiveCfg = Debug|Any CPU
		{AFDA570E-A9FA-452A-80BC-04220205367D}.Debug|Any CPU.Build.0 = Debug|Any CPU
		{AFDA570E-A9FA-452A-80BC-04220205367D}.Release|Any CPU.ActiveCfg = Release|Any CPU
		{AFDA570E-A9FA-452A-80BC-04220205367D}.Release|Any CPU.Build.0 = Release|Any CPU
	EndGlobalSection
	GlobalSection(SolutionProperties) = preSolution
		HideSolutionNode = FALSE
	EndGlobalSection
	GlobalSection(NestedProjects) = preSolution
		{9A1A892D-1A50-430A-94FA-8388C3C82DE6} = {02EA681E-C7D8-13C7-8484-4AC65E1B71E8}
		{F44237E3-2376-4FA4-9F69-AA35846890E6} = {02EA681E-C7D8-13C7-8484-4AC65E1B71E8}
		{67F350DF-DBD1-40AF-926F-B8CCC3C39C9F} = {02EA681E-C7D8-13C7-8484-4AC65E1B71E8}
		{55C347C5-8986-415B-929B-7DDC92F5F885} = {88EEDE04-A26E-49C9-8033-26720E98B374}
		{CFF35D0F-18A0-444F-AFCC-4BB269EA27DA} = {88EEDE04-A26E-49C9-8033-26720E98B374}
		{5775EDBE-87F4-4090-BA81-CFCF91CEF387} = {88EEDE04-A26E-49C9-8033-26720E98B374}
		{9718AB41-409F-439A-881B-09B5753DF9F8} = {08D363DB-114B-41AD-A54D-B546523FC347}
		{1443DFB1-2534-43BC-BA78-A711C1D2D54D} = {08D363DB-114B-41AD-A54D-B546523FC347}
		{1FFB4592-3693-4369-ACC1-9BD6D45B2373} = {08D363DB-114B-41AD-A54D-B546523FC347}
		{FAEE0611-A0C9-46BC-87E0-D5ECAE757C45} = {A4C31464-07EA-4D03-B47C-2B94845AE859}
		{3385E290-5B85-498B-AC78-7745CD1F4C01} = {A4C31464-07EA-4D03-B47C-2B94845AE859}
		{AFDA570E-A9FA-452A-80BC-04220205367D} = {A4C31464-07EA-4D03-B47C-2B94845AE859}
	EndGlobalSection
	GlobalSection(ExtensibilityGlobals) = postSolution
		SolutionGuid = {7751974F-90A4-4656-9D68-C58893143572}
	EndGlobalSection
EndGlobal
