
Microsoft Visual Studio Solution File, Format Version 12.00
# Visual Studio Version 17
VisualStudioVersion = 17.14.36414.22
MinimumVisualStudioVersion = 10.0.40219.1
Project("{2150E333-8FDC-42A3-9474-1A3956D46DE8}") = "Task0", "Task0", "{02EA681E-C7D8-13C7-8484-4AC65E1B71E8}"
EndProject
Project("{FAE04EC0-301F-11D3-BF4B-00C04F79EFBC}") = "Tyuiu.KolganenkoRV.Sprint6.Task0.V9.Lib", "Tyuiu.KolganenkoRV.Sprint6.Task0.V9.Lib\Tyuiu.KolganenkoRV.Sprint6.Task0.V9.Lib.csproj", "{9A1A892D-1A50-430A-94FA-8388C3C82DE6}"
EndProject
Project("{FAE04EC0-301F-11D3-BF4B-00C04F79EFBC}") = "Tyuiu.KolganenkoRV.Sprint6.Task0.V9.Test", "Tyuiu.KolganenkoRV.Sprint6.Task0.V9.Test\Tyuiu.KolganenkoRV.Sprint6.Task0.V9.Test.csproj", "{F44237E3-2376-4FA4-9F69-AA35846890E6}"
EndProject
Project("{FAE04EC0-301F-11D3-BF4B-00C04F79EFBC}") = "Tyuiu.KolganenkoRV.Sprint6.Task0.V9", "Tyuiu.KolganenkoRV.Sprint6.Task0.V9\Tyuiu.KolganenkoRV.Sprint6.Task0.V9.csproj", "{67F350DF-DBD1-40AF-926F-B8CCC3C39C9F}"
EndProject
Project("{2150E333-8FDC-42A3-9474-1A3956D46DE8}") = "Task1", "Task1", "{88EEDE04-A26E-49C9-8033-26720E98B374}"
EndProject
Project("{FAE04EC0-301F-11D3-BF4B-00C04F79EFBC}") = "Tyuiu.KolganenkoRV.Sprint6.Task1.V13.Test", "Tyuiu.KolganenkoRV.Sprint6.Task1.V13.Test\Tyuiu.KolganenkoRV.Sprint6.Task1.V13.Test.csproj", "{55C347C5-8986-415B-929B-7DDC92F5F885}"
EndProject
Project("{FAE04EC0-301F-11D3-BF4B-00C04F79EFBC}") = "Tyuiu.KolganenkoRV.Sprint6.Task1.V13", "Tyuiu.KolganenkoRV.Sprint6.Task1.V13\Tyuiu.KolganenkoRV.Sprint6.Task1.V13.csproj", "{CFF35D0F-18A0-444F-AFCC-4BB269EA27DA}"
EndProject
Project("{FAE04EC0-301F-11D3-BF4B-00C04F79EFBC}") = "Tyuiu.KolganenkoRV.Sprint6.Task1.V13.Lib", "Tyuiu.KolganenkoRV.Sprint6.Task1.V13.Lib\Tyuiu.KolganenkoRV.Sprint6.Task1.V13.Lib.csproj", "{5775EDBE-87F4-4090-BA81-CFCF91CEF387}"
EndProject
Project("{2150E333-8FDC-42A3-9474-1A3956D46DE8}") = "Task2", "Task2", "{08D363DB-114B-41AD-A54D-B546523FC347}"
EndProject
Project("{FAE04EC0-301F-11D3-BF4B-00C04F79EFBC}") = "Tyuiu.KolganenkoRV.Sprint6.Task2.V5.Lib", "Tyuiu.KolganenkoRV.Sprint6.Task2.V5.Lib\Tyuiu.KolganenkoRV.Sprint6.Task2.V5.Lib.csproj", "{9718AB41-409F-439A-881B-09B5753DF9F8}"
EndProject
Project("{FAE04EC0-301F-11D3-BF4B-00C04F79EFBC}") = "Tyuiu.KolganenkoRV.Sprint6.Task2.V5.Test", "Tyuiu.KolganenkoRV.Sprint6.Task2.V5.Test\Tyuiu.KolganenkoRV.Sprint6.Task2.V5.Test.csproj", "{1443DFB1-2534-43BC-BA78-A711C1D2D54D}"
EndProject
Project("{FAE04EC0-301F-11D3-BF4B-00C04F79EFBC}") = "Tyuiu.KolganenkoRV.Sprint6.Task2.V5", "Tyuiu.KolganenkoRV.Sprint6.Task2.V5\Tyuiu.KolganenkoRV.Sprint6.Task2.V5.csproj", "{1FFB4592-3693-4369-ACC1-9BD6D45B2373}"
EndProject
Project("{2150E333-8FDC-42A3-9474-1A3956D46DE8}") = "Task3", "Task3", "{A4C31464-07EA-4D03-B47C-2B94845AE859}"
EndProject
Project("{FAE04EC0-301F-11D3-BF4B-00C04F79EFBC}") = "Tyuiu.KolganenkoRV.Sprint6.Task3.V23", "Tyuiu.KolganenkoRV.Sprint6.Task3.V23\Tyuiu.KolganenkoRV.Sprint6.Task3.V23.csproj", "{FAEE0611-A0C9-46BC-87E0-D5ECAE757C45}"
EndProject
Project("{FAE04EC0-301F-11D3-BF4B-00C04F79EFBC}") = "Tyuiu.KolganenkoRV.Sprint6.Task3.V23.Lib", "Tyuiu.KolganenkoRV.Sprint6.Task3.V23.Lib\Tyuiu.KolganenkoRV.Sprint6.Task3.V23.Lib.csproj", "{3385E290-5B85-498B-AC78-7745CD1F4C01}"
EndProject
Project("{FAE04EC0-301F-11D3-BF4B-00C04F79EFBC}") = "Tyuiu.KolganenkoRV.Sprint6.Task3.V23.Test", "Tyuiu.KolganenkoRV.Sprint6.Task3.V23.Test\Tyuiu.KolganenkoRV.Sprint6.Task3.V23.Test.csproj", "{AFDA570E-A9FA-452A-80BC-04220205367D}"
EndProject
Project("{2150E333-8FDC-42A3-9474-1A3956D46DE8}") = "Task4", "Task4", "{6A52D98B-ED87-4015-9D2C-C839B66D2ED6}"
EndProject
Project("{FAE04EC0-301F-11D3-BF4B-00C04F79EFBC}") = "Tyuiu.KolganenkoRV.Sprint6.Task4.V15", "Tyuiu.KolganenkoRV.Sprint6.Task4.V15\Tyuiu.KolganenkoRV.Sprint6.Task4.V15.csproj", "{E32A9A19-7261-41DF-B20D-81508ACECF2C}"
EndProject
Project("{FAE04EC0-301F-11D3-BF4B-00C04F79EFBC}") = "Tyuiu.KolganenkoRV.Sprint6.Task4.V15.Lib", "Tyuiu.KolganenkoRV.Sprint6.Task4.V15.Lib\Tyuiu.KolganenkoRV.Sprint6.Task4.V15.Lib.csproj", "{3E097F06-3942-4345-ADFB-8554850A2C3D}"
EndProject
Project("{FAE04EC0-301F-11D3-BF4B-00C04F79EFBC}") = "Tyuiu.KolganenkoRV.Sprint6.Task4.V15.Test", "Tyuiu.KolganenkoRV.Sprint6.Task4.V15.Test\Tyuiu.KolganenkoRV.Sprint6.Task4.V15.Test.csproj", "{1F8E178E-53DF-4836-8B55-A439ED377584}"
EndProject
Project("{2150E333-8FDC-42A3-9474-1A3956D46DE8}") = "Task5", "Task5", "{40949428-E3B9-4D89-8F80-BB248E05C700}"
EndProject
Project("{FAE04EC0-301F-11D3-BF4B-00C04F79EFBC}") = "Tyuiu.KolganenkoRV.Sprint6.Task5.V23", "Tyuiu.KolganenkoRV.Sprint6.Task5.V23\Tyuiu.KolganenkoRV.Sprint6.Task5.V23.csproj", "{743C6A39-CDF1-447B-BD3C-F0BB4632FEB0}"
EndProject
Project("{FAE04EC0-301F-11D3-BF4B-00C04F79EFBC}") = "Tyuiu.KolganenkoRV.Sprint6.Task5.V23.Lib", "Tyuiu.KolganenkoRV.Sprint6.Task5.V23.Lib\Tyuiu.KolganenkoRV.Sprint6.Task5.V23.Lib.csproj", "{847A559E-3AC3-4C09-993F-15848D8FAB38}"
EndProject
Project("{FAE04EC0-301F-11D3-BF4B-00C04F79EFBC}") = "Tyuiu.KolganenkoRV.Sprint6.Task5.V23.Test", "Tyuiu.KolganenkoRV.Sprint6.Task5.V23.Test\Tyuiu.KolganenkoRV.Sprint6.Task5.V23.Test.csproj", "{8832B6F2-E41E-49B2-9739-206961B4A1A4}"
EndProject
Project("{2150E333-8FDC-42A3-9474-1A3956D46DE8}") = "Task6", "Task6", "{EFE0ED2D-E97E-47D6-83E9-C85243323101}"
EndProject
Project("{FAE04EC0-301F-11D3-BF4B-00C04F79EFBC}") = "Tyuiu.KolganenkoRV.Sprint6.Task6.V1", "Tyuiu.KolganenkoRV.Sprint6.Task6.V1\Tyuiu.KolganenkoRV.Sprint6.Task6.V1.csproj", "{013F380E-2D21-43DB-A648-747D902CEB02}"
EndProject
Project("{FAE04EC0-301F-11D3-BF4B-00C04F79EFBC}") = "Tyuiu.KolganenkoRV.Sprint6.Task6.V1.Lib", "Tyuiu.KolganenkoRV.Sprint6.Task6.V1.Lib\Tyuiu.KolganenkoRV.Sprint6.Task6.V1.Lib.csproj", "{0BE4E7B6-2BEA-4979-877F-AEA8D5148A9B}"
EndProject
Project("{FAE04EC0-301F-11D3-BF4B-00C04F79EFBC}") = "Tyuiu.KolganenkoRV.Sprint6.Task6.V1.Test", "Tyuiu.KolganenkoRV.Sprint6.Task6.V1.Test\Tyuiu.KolganenkoRV.Sprint6.Task6.V1.Test.csproj", "{5903D5AA-666E-4A35-93E5-586094FE0DC2}"
EndProject
Project("{2150E333-8FDC-42A3-9474-1A3956D46DE8}") = "Task7", "Task7", "{94746404-0874-4EEF-97A2-BB4E6242B54F}"
EndProject
Project("{FAE04EC0-301F-11D3-BF4B-00C04F79EFBC}") = "Tyuiu.KolganenkoRV.Sprint6.Task7.V27", "Tyuiu.KolganenkoRV.Sprint6.Task7.V27\Tyuiu.KolganenkoRV.Sprint6.Task7.V27.csproj", "{B8FB3211-74D0-4F61-901A-706C7C552435}"
EndProject
Project("{FAE04EC0-301F-11D3-BF4B-00C04F79EFBC}") = "Tyuiu.KolganenkoRV.Sprint6.Task7.V27.Test", "Tyuiu.KolganenkoRV.Sprint6.Task7.V27.Test\Tyuiu.KolganenkoRV.Sprint6.Task7.V27.Test.csproj", "{45145992-186E-4FE1-BC9F-26ACC9718C0A}"
EndProject
Project("{FAE04EC0-301F-11D3-BF4B-00C04F79EFBC}") = "Tyuiu.KolganenkoRV.Sprint6.Task7.V27.Lib", "Tyuiu.KolganenkoRV.Sprint6.Task7.V27.Lib\Tyuiu.KolganenkoRV.Sprint6.Task7.V27.Lib.csproj", "{7927C928-4D41-4A96-9440-9C802B746759}"
EndProject
Global
	GlobalSection(SolutionConfigurationPlatforms) = preSolution
		Debug|Any CPU = Debug|Any CPU
		Release|Any CPU = Release|Any CPU
	EndGlobalSection
	GlobalSection(ProjectConfigurationPlatforms) = postSolution
		{9A1A892D-1A50-430A-94FA-8388C3C82DE6}.Debug|Any CPU.ActiveCfg = Debug|Any CPU
		{9A1A892D-1A50-430A-94FA-8388C3C82DE6}.Debug|Any CPU.Build.0 = Debug|Any CPU
		{9A1A892D-1A50-430A-94FA-8388C3C82DE6}.Release|Any CPU.ActiveCfg = Release|Any CPU
		{9A1A892D-1A50-430A-94FA-8388C3C82DE6}.Release|Any CPU.Build.0 = Release|Any CPU
		{F44237E3-2376-4FA4-9F69-AA35846890E6}.Debug|Any CPU.ActiveCfg = Debug|Any CPU
		{F44237E3-2376-4FA4-9F69-AA35846890E6}.Debug|Any CPU.Build.0 = Debug|Any CPU
		{F44237E3-2376-4FA4-9F69-AA35846890E6}.Release|Any CPU.ActiveCfg = Release|Any CPU
		{F44237E3-2376-4FA4-9F69-AA35846890E6}.Release|Any CPU.Build.0 = Release|Any CPU
		{67F350DF-DBD1-40AF-926F-B8CCC3C39C9F}.Debug|Any CPU.ActiveCfg = Debug|Any CPU
		{67F350DF-DBD1-40AF-926F-B8CCC3C39C9F}.Debug|Any CPU.Build.0 = Debug|Any CPU
		{67F350DF-DBD1-40AF-926F-B8CCC3C39C9F}.Release|Any CPU.ActiveCfg = Release|Any CPU
		{67F350DF-DBD1-40AF-926F-B8CCC3C39C9F}.Release|Any CPU.Build.0 = Release|Any CPU
		{55C347C5-8986-415B-929B-7DDC92F5F885}.Debug|Any CPU.ActiveCfg = Debug|Any CPU
		{55C347C5-8986-415B-929B-7DDC92F5F885}.Debug|Any CPU.Build.0 = Debug|Any CPU
		{55C347C5-8986-415B-929B-7DDC92F5F885}.Release|Any CPU.ActiveCfg = Release|Any CPU
		{55C347C5-8986-415B-929B-7DDC92F5F885}.Release|Any CPU.Build.0 = Release|Any CPU
		{CFF35D0F-18A0-444F-AFCC-4BB269EA27DA}.Debug|Any CPU.ActiveCfg = Debug|Any CPU
		{CFF35D0F-18A0-444F-AFCC-4BB269EA27DA}.Debug|Any CPU.Build.0 = Debug|Any CPU
		{CFF35D0F-18A0-444F-AFCC-4BB269EA27DA}.Release|Any CPU.ActiveCfg = Release|Any CPU
		{CFF35D0F-18A0-444F-AFCC-4BB269EA27DA}.Release|Any CPU.Build.0 = Release|Any CPU
		{5775EDBE-87F4-4090-BA81-CFCF91CEF387}.Debug|Any CPU.ActiveCfg = Debug|Any CPU
		{5775EDBE-87F4-4090-BA81-CFCF91CEF387}.Debug|Any CPU.Build.0 = Debug|Any CPU
		{5775EDBE-87F4-4090-BA81-CFCF91CEF387}.Release|Any CPU.ActiveCfg = Release|Any CPU
		{5775EDBE-87F4-4090-BA81-CFCF91CEF387}.Release|Any CPU.Build.0 = Release|Any CPU
		{9718AB41-409F-439A-881B-09B5753DF9F8}.Debug|Any CPU.ActiveCfg = Debug|Any CPU
		{9718AB41-409F-439A-881B-09B5753DF9F8}.Debug|Any CPU.Build.0 = Debug|Any CPU
		{9718AB41-409F-439A-881B-09B5753DF9F8}.Release|Any CPU.ActiveCfg = Release|Any CPU
		{9718AB41-409F-439A-881B-09B5753DF9F8}.Release|Any CPU.Build.0 = Release|Any CPU
		{1443DFB1-2534-43BC-BA78-A711C1D2D54D}.Debug|Any CPU.ActiveCfg = Debug|Any CPU
		{1443DFB1-2534-43BC-BA78-A711C1D2D54D}.Debug|Any CPU.Build.0 = Debug|Any CPU
		{1443DFB1-2534-43BC-BA78-A711C1D2D54D}.Release|Any CPU.ActiveCfg = Release|Any CPU
		{1443DFB1-2534-43BC-BA78-A711C1D2D54D}.Release|Any CPU.Build.0 = Release|Any CPU
		{1FFB4592-3693-4369-ACC1-9BD6D45B2373}.Debug|Any CPU.ActiveCfg = Debug|Any CPU
		{1FFB4592-3693-4369-ACC1-9BD6D45B2373}.Debug|Any CPU.Build.0 = Debug|Any CPU
		{1FFB4592-3693-4369-ACC1-9BD6D45B2373}.Release|Any CPU.ActiveCfg = Release|Any CPU
		{1FFB4592-3693-4369-ACC1-9BD6D45B2373}.Release|Any CPU.Build.0 = Release|Any CPU
		{FAEE0611-A0C9-46BC-87E0-D5ECAE757C45}.Debug|Any CPU.ActiveCfg = Debug|Any CPU
		{FAEE0611-A0C9-46BC-87E0-D5ECAE757C45}.Debug|Any CPU.Build.0 = Debug|Any CPU
		{FAEE0611-A0C9-46BC-87E0-D5ECAE757C45}.Release|Any CPU.ActiveCfg = Release|Any CPU
		{FAEE0611-A0C9-46BC-87E0-D5ECAE757C45}.Release|Any CPU.Build.0 = Release|Any CPU
		{3385E290-5B85-498B-AC78-7745CD1F4C01}.Debug|Any CPU.ActiveCfg = Debug|Any CPU
		{3385E290-5B85-498B-AC78-7745CD1F4C01}.Debug|Any CPU.Build.0 = Debug|Any CPU
		{3385E290-5B85-498B-AC78-7745CD1F4C01}.Release|Any CPU.ActiveCfg = Release|Any CPU
		{3385E290-5B85-498B-AC78-7745CD1F4C01}.Release|Any CPU.Build.0 = Release|Any CPU
		{AFDA570E-A9FA-452A-80BC-04220205367D}.Debug|Any CPU.ActiveCfg = Debug|Any CPU
		{AFDA570E-A9FA-452A-80BC-04220205367D}.Debug|Any CPU.Build.0 = Debug|Any CPU
		{AFDA570E-A9FA-452A-80BC-04220205367D}.Release|Any CPU.ActiveCfg = Release|Any CPU
		{AFDA570E-A9FA-452A-80BC-04220205367D}.Release|Any CPU.Build.0 = Release|Any CPU
		{E32A9A19-7261-41DF-B20D-81508ACECF2C}.Debug|Any CPU.ActiveCfg = Debug|Any CPU
		{E32A9A19-7261-41DF-B20D-81508ACECF2C}.Debug|Any CPU.Build.0 = Debug|Any CPU
		{E32A9A19-7261-41DF-B20D-81508ACECF2C}.Release|Any CPU.ActiveCfg = Release|Any CPU
		{E32A9A19-7261-41DF-B20D-81508ACECF2C}.Release|Any CPU.Build.0 = Release|Any CPU
		{3E097F06-3942-4345-ADFB-8554850A2C3D}.Debug|Any CPU.ActiveCfg = Debug|Any CPU
		{3E097F06-3942-4345-ADFB-8554850A2C3D}.Debug|Any CPU.Build.0 = Debug|Any CPU
		{3E097F06-3942-4345-ADFB-8554850A2C3D}.Release|Any CPU.ActiveCfg = Release|Any CPU
		{3E097F06-3942-4345-ADFB-8554850A2C3D}.Release|Any CPU.Build.0 = Release|Any CPU
		{1F8E178E-53DF-4836-8B55-A439ED377584}.Debug|Any CPU.ActiveCfg = Debug|Any CPU
		{1F8E178E-53DF-4836-8B55-A439ED377584}.Debug|Any CPU.Build.0 = Debug|Any CPU
		{1F8E178E-53DF-4836-8B55-A439ED377584}.Release|Any CPU.ActiveCfg = Release|Any CPU
		{1F8E178E-53DF-4836-8B55-A439ED377584}.Release|Any CPU.Build.0 = Release|Any CPU
		{743C6A39-CDF1-447B-BD3C-F0BB4632FEB0}.Debug|Any CPU.ActiveCfg = Debug|Any CPU
		{743C6A39-CDF1-447B-BD3C-F0BB4632FEB0}.Debug|Any CPU.Build.0 = Debug|Any CPU
		{743C6A39-CDF1-447B-BD3C-F0BB4632FEB0}.Release|Any CPU.ActiveCfg = Release|Any CPU
		{743C6A39-CDF1-447B-BD3C-F0BB4632FEB0}.Release|Any CPU.Build.0 = Release|Any CPU
		{847A559E-3AC3-4C09-993F-15848D8FAB38}.Debug|Any CPU.ActiveCfg = Debug|Any CPU
		{847A559E-3AC3-4C09-993F-15848D8FAB38}.Debug|Any CPU.Build.0 = Debug|Any CPU
		{847A559E-3AC3-4C09-993F-15848D8FAB38}.Release|Any CPU.ActiveCfg = Release|Any CPU
		{847A559E-3AC3-4C09-993F-15848D8FAB38}.Release|Any CPU.Build.0 = Release|Any CPU
		{8832B6F2-E41E-49B2-9739-206961B4A1A4}.Debug|Any CPU.ActiveCfg = Debug|Any CPU
		{8832B6F2-E41E-49B2-9739-206961B4A1A4}.Debug|Any CPU.Build.0 = Debug|Any CPU
		{8832B6F2-E41E-49B2-9739-206961B4A1A4}.Release|Any CPU.ActiveCfg = Release|Any CPU
		{8832B6F2-E41E-49B2-9739-206961B4A1A4}.Release|Any CPU.Build.0 = Release|Any CPU
		{013F380E-2D21-43DB-A648-747D902CEB02}.Debug|Any CPU.ActiveCfg = Debug|Any CPU
		{013F380E-2D21-43DB-A648-747D902CEB02}.Debug|Any CPU.Build.0 = Debug|Any CPU
		{013F380E-2D21-43DB-A648-747D902CEB02}.Release|Any CPU.ActiveCfg = Release|Any CPU
		{013F380E-2D21-43DB-A648-747D902CEB02}.Release|Any CPU.Build.0 = Release|Any CPU
		{0BE4E7B6-2BEA-4979-877F-AEA8D5148A9B}.Debug|Any CPU.ActiveCfg = Debug|Any CPU
		{0BE4E7B6-2BEA-4979-877F-AEA8D5148A9B}.Debug|Any CPU.Build.0 = Debug|Any CPU
		{0BE4E7B6-2BEA-4979-877F-AEA8D5148A9B}.Release|Any CPU.ActiveCfg = Release|Any CPU
		{0BE4E7B6-2BEA-4979-877F-AEA8D5148A9B}.Release|Any CPU.Build.0 = Release|Any CPU
		{5903D5AA-666E-4A35-93E5-586094FE0DC2}.Debug|Any CPU.ActiveCfg = Debug|Any CPU
		{5903D5AA-666E-4A35-93E5-586094FE0DC2}.Debug|Any CPU.Build.0 = Debug|Any CPU
		{5903D5AA-666E-4A35-93E5-586094FE0DC2}.Release|Any CPU.ActiveCfg = Release|Any CPU
		{5903D5AA-666E-4A35-93E5-586094FE0DC2}.Release|Any CPU.Build.0 = Release|Any CPU
		{B8FB3211-74D0-4F61-901A-706C7C552435}.Debug|Any CPU.ActiveCfg = Debug|Any CPU
		{B8FB3211-74D0-4F61-901A-706C7C552435}.Debug|Any CPU.Build.0 = Debug|Any CPU
		{B8FB3211-74D0-4F61-901A-706C7C552435}.Release|Any CPU.ActiveCfg = Release|Any CPU
		{B8FB3211-74D0-4F61-901A-706C7C552435}.Release|Any CPU.Build.0 = Release|Any CPU
		{45145992-186E-4FE1-BC9F-26ACC9718C0A}.Debug|Any CPU.ActiveCfg = Debug|Any CPU
		{45145992-186E-4FE1-BC9F-26ACC9718C0A}.Debug|Any CPU.Build.0 = Debug|Any CPU
		{45145992-186E-4FE1-BC9F-26ACC9718C0A}.Release|Any CPU.ActiveCfg = Release|Any CPU
		{45145992-186E-4FE1-BC9F-26ACC9718C0A}.Release|Any CPU.Build.0 = Release|Any CPU
		{7927C928-4D41-4A96-9440-9C802B746759}.Debug|Any CPU.ActiveCfg = Debug|Any CPU
		{7927C928-4D41-4A96-9440-9C802B746759}.Debug|Any CPU.Build.0 = Debug|Any CPU
		{7927C928-4D41-4A96-9440-9C802B746759}.Release|Any CPU.ActiveCfg = Release|Any CPU
		{7927C928-4D41-4A96-9440-9C802B746759}.Release|Any CPU.Build.0 = Release|Any CPU
	EndGlobalSection
	GlobalSection(SolutionProperties) = preSolution
		HideSolutionNode = FALSE
	EndGlobalSection
	GlobalSection(NestedProjects) = preSolution
		{9A1A892D-1A50-430A-94FA-8388C3C82DE6} = {02EA681E-C7D8-13C7-8484-4AC65E1B71E8}
		{F44237E3-2376-4FA4-9F69-AA35846890E6} = {02EA681E-C7D8-13C7-8484-4AC65E1B71E8}
		{67F350DF-DBD1-40AF-926F-B8CCC3C39C9F} = {02EA681E-C7D8-13C7-8484-4AC65E1B71E8}
		{55C347C5-8986-415B-929B-7DDC92F5F885} = {88EEDE04-A26E-49C9-8033-26720E98B374}
		{CFF35D0F-18A0-444F-AFCC-4BB269EA27DA} = {88EEDE04-A26E-49C9-8033-26720E98B374}
		{5775EDBE-87F4-4090-BA81-CFCF91CEF387} = {88EEDE04-A26E-49C9-8033-26720E98B374}
		{9718AB41-409F-439A-881B-09B5753DF9F8} = {08D363DB-114B-41AD-A54D-B546523FC347}
		{1443DFB1-2534-43BC-BA78-A711C1D2D54D} = {08D363DB-114B-41AD-A54D-B546523FC347}
		{1FFB4592-3693-4369-ACC1-9BD6D45B2373} = {08D363DB-114B-41AD-A54D-B546523FC347}
		{FAEE0611-A0C9-46BC-87E0-D5ECAE757C45} = {A4C31464-07EA-4D03-B47C-2B94845AE859}
		{3385E290-5B85-498B-AC78-7745CD1F4C01} = {A4C31464-07EA-4D03-B47C-2B94845AE859}
		{AFDA570E-A9FA-452A-80BC-04220205367D} = {A4C31464-07EA-4D03-B47C-2B94845AE859}
		{E32A9A19-7261-41DF-B20D-81508ACECF2C} = {6A52D98B-ED87-4015-9D2C-C839B66D2ED6}
		{3E097F06-3942-4345-ADFB-8554850A2C3D} = {6A52D98B-ED87-4015-9D2C-C839B66D2ED6}
		{1F8E178E-53DF-4836-8B55-A439ED377584} = {6A52D98B-ED87-4015-9D2C-C839B66D2ED6}
		{743C6A39-CDF1-447B-BD3C-F0BB4632FEB0} = {40949428-E3B9-4D89-8F80-BB248E05C700}
		{847A559E-3AC3-4C09-993F-15848D8FAB38} = {40949428-E3B9-4D89-8F80-BB248E05C700}
		{8832B6F2-E41E-49B2-9739-206961B4A1A4} = {40949428-E3B9-4D89-8F80-BB248E05C700}
		{013F380E-2D21-43DB-A648-747D902CEB02} = {EFE0ED2D-E97E-47D6-83E9-C85243323101}
		{0BE4E7B6-2BEA-4979-877F-AEA8D5148A9B} = {EFE0ED2D-E97E-47D6-83E9-C85243323101}
		{5903D5AA-666E-4A35-93E5-586094FE0DC2} = {EFE0ED2D-E97E-47D6-83E9-C85243323101}
		{B8FB3211-74D0-4F61-901A-706C7C552435} = {94746404-0874-4EEF-97A2-BB4E6242B54F}
		{45145992-186E-4FE1-BC9F-26ACC9718C0A} = {94746404-0874-4EEF-97A2-BB4E6242B54F}
		{7927C928-4D41-4A96-9440-9C802B746759} = {94746404-0874-4EEF-97A2-BB4E6242B54F}
	EndGlobalSection
	GlobalSection(ExtensibilityGlobals) = postSolution
		SolutionGuid = {7751974F-90A4-4656-9D68-C58893143572}
	EndGlobalSection
EndGlobal
